# This file is automatically @generated by Poetry 1.7.1 and should not be changed by hand.

[[package]]
name = "garmin-fit-sdk"
version = "21.126.0"
description = "Garmin FIT Python SDK"
optional = false
python-versions = ">=3.6"
files = [
    {file = "garmin-fit-sdk-21.126.0.tar.gz", hash = "sha256:b8b888e2c7a6be7ac60ac7691f9c9e66c7c7a654d8f73095655285f810056a1e"},
    {file = "garmin_fit_sdk-21.126.0-py2.py3-none-any.whl", hash = "sha256:4e68009984005d2a89082a831f871e865574594b7b363d968905efcfac68b356"},
]

[metadata]
lock-version = "2.0"
python-versions = "^3.8"
content-hash = "6e2bfe83791ee5deb5c1398b1742d5a1ae42ef98985ca60ce13526b15c91d17b"
